
Microsoft Visual Studio Solution File, Format Version 12.00
# Visual Studio Version 16
VisualStudioVersion = 16.0.29306.81
MinimumVisualStudioVersion = 10.0.40219.1
Project("{FAE04EC0-301F-11D3-BF4B-00C04F79EFBC}") = "Fordonsregister", "Fordonsregister\Fordonsregister.csproj", "{3E9A3A57-D1C2-4F29-A8C2-76EDCA3F9C7A}"
EndProject
Global
	GlobalSection(SolutionConfigurationPlatforms) = preSolution
		Debug|Any CPU = Debug|Any CPU
		Release|Any CPU = Release|Any CPU
	EndGlobalSection
	GlobalSection(ProjectConfigurationPlatforms) = postSolution
		{3E9A3A57-D1C2-4F29-A8C2-76EDCA3F9C7A}.Debug|Any CPU.ActiveCfg = Debug|Any CPU
		{3E9A3A57-D1C2-4F29-A8C2-76EDCA3F9C7A}.Debug|Any CPU.Build.0 = Debug|Any CPU
		{3E9A3A57-D1C2-4F29-A8C2-76EDCA3F9C7A}.Release|Any CPU.ActiveCfg = Release|Any CPU
		{3E9A3A57-D1C2-4F29-A8C2-76EDCA3F9C7A}.Release|Any CPU.Build.0 = Release|Any CPU
	EndGlobalSection
	GlobalSection(SolutionProperties) = preSolution
		HideSolutionNode = FALSE
	EndGlobalSection
	GlobalSection(ExtensibilityGlobals) = postSolution
		SolutionGuid = {D26C7597-351C-471D-B551-90F1C5F6B909}
	EndGlobalSection
EndGlobal
